dependencies:
  esp32-component-ld2410c:
    component_hash: f3e231a1dbf037a287972f4ca6dc466a4a7670a948e1a893c447363aac43ba8e
    dependencies:
    - name: idf
      version: '>=5.0.0'
    source:
      git: https://github.com/jef-sure/esp32-component-ld2410c.git
      path: .
      type: git
    version: c157924549cad96482d74ef2d66e4fe157f76293
  idf:
    source:
      type: idf
    version: 6.0.1
direct_dependencies:
- esp32-component-ld2410c
manifest_hash: a247046fe061cb46313c90730547cbc4a6acdc252c376b60a3e6057998f86c1c
target: esp32
version: 3.0.0
